
Microsoft Visual Studio Solution File, Format Version 12.00
# Visual Studio Version 17
VisualStudioVersion = 17.11.35303.130
MinimumVisualStudioVersion = 10.0.40219.1
Project("{8BC9CEB8-8B4A-11D0-8D11-00A0C91BC942}") = "LB4.7", "LB4.7\LB4.7.vcxproj", "{A7391CF5-D459-4086-BB3A-066F711BC97F}"
EndProject
Global
	GlobalSection(SolutionConfigurationPlatforms) = preSolution
		Debug|x64 = Debug|x64
		Debug|x86 = Debug|x86
		Release|x64 = Release|x64
		Release|x86 = Release|x86
	EndGlobalSection
	GlobalSection(ProjectConfigurationPlatforms) = postSolution
		{A7391CF5-D459-4086-BB3A-066F711BC97F}.Debug|x64.ActiveCfg = Debug|x64
		{A7391CF5-D459-4086-BB3A-066F711BC97F}.Debug|x64.Build.0 = Debug|x64
		{A7391CF5-D459-4086-BB3A-066F711BC97F}.Debug|x86.ActiveCfg = Debug|Win32
		{A7391CF5-D459-4086-BB3A-066F711BC97F}.Debug|x86.Build.0 = Debug|Win32
		{A7391CF5-D459-4086-BB3A-066F711BC97F}.Release|x64.ActiveCfg = Release|x64
		{A7391CF5-D459-4086-BB3A-066F711BC97F}.Release|x64.Build.0 = Release|x64
		{A7391CF5-D459-4086-BB3A-066F711BC97F}.Release|x86.ActiveCfg = Release|Win32
		{A7391CF5-D459-4086-BB3A-066F711BC97F}.Release|x86.Build.0 = Release|Win32
	EndGlobalSection
	GlobalSection(SolutionProperties) = preSolution
		HideSolutionNode = FALSE
	EndGlobalSection
	GlobalSection(ExtensibilityGlobals) = postSolution
		SolutionGuid = {F9C1BB4B-87D5-4ABE-9AC9-4002A484D51F}
	EndGlobalSection
EndGlobal
